
Microsoft Visual Studio Solution File, Format Version 12.00
# Visual Studio Version 17
VisualStudioVersion = 17.8.34330.188
MinimumVisualStudioVersion = 10.0.40219.1
Project("{2150E333-8FDC-42A3-9474-1A3956D46DE8}") = "Structural", "Structural", "{5F551FA9-339A-463B-837C-E736AADB8B38}"
EndProject
Project("{2150E333-8FDC-42A3-9474-1A3956D46DE8}") = "Creational", "Creational", "{57A0F57A-9DF8-47EB-A4E1-DFC483BA0B2C}"
EndProject
Project("{2150E333-8FDC-42A3-9474-1A3956D46DE8}") = "Behavioural", "Behavioural", "{71A9D2A4-A904-42CA-AE54-CA7D84B09A12}"
EndProject
Project("{2150E333-8FDC-42A3-9474-1A3956D46DE8}") = "Bridge", "Bridge", "{322D4BE7-436B-48F8-B58C-436F0E7FA65B}"
EndProject
Project("{9A19103F-16F7-4668-BE54-9A1E7A4F7556}") = "VP.DesignPatterns.Bridge", "Structural\Bridge\VP.DesignPatterns.Bridge\VP.DesignPatterns.Bridge.csproj", "{634C4CC1-CBCC-4965-86C2-576738B5BF98}"
EndProject
Project("{9A19103F-16F7-4668-BE54-9A1E7A4F7556}") = "VP.DesignPatterns.Bridge.Tests", "Structural\Bridge\VP.DesignPatterns.Bridge.Tests\VP.DesignPatterns.Bridge.Tests.csproj", "{14E0153B-49EA-4BF0-96B4-4E4040BD95FD}"
EndProject
Project("{2150E333-8FDC-42A3-9474-1A3956D46DE8}") = "Command", "Command", "{B1C49CB0-0587-4EEF-8A8F-ED9D420EE85E}"
EndProject
Project("{2150E333-8FDC-42A3-9474-1A3956D46DE8}") = "Strategy", "Strategy", "{F674B03A-C479-4EBD-AFA3-2EE8B77ACCE7}"
EndProject
Project("{9A19103F-16F7-4668-BE54-9A1E7A4F7556}") = "VP.DesignPatterns.Command", "Behavioural\Command\VP.DesignPatterns.Command\VP.DesignPatterns.Command.csproj", "{AB9A20EA-1FC0-416D-B51D-749A27E820CF}"
EndProject
Project("{9A19103F-16F7-4668-BE54-9A1E7A4F7556}") = "VP.DesignPatterns.Strategy", "Behavioural\Strategy\VP.DesignPatterns.Strategy\VP.DesignPatterns.Strategy.csproj", "{5EC4B1E9-EFCC-4CE4-A36A-5A4A43FC289F}"
EndProject
Project("{2150E333-8FDC-42A3-9474-1A3956D46DE8}") = "Observer", "Observer", "{3DF6C4D6-33E0-44EF-AF19-613261024A4B}"
EndProject
Project("{9A19103F-16F7-4668-BE54-9A1E7A4F7556}") = "VP.DesignPatterns.Observer", "Behavioural\Observer\VP.DesignPatterns.Observer\VP.DesignPatterns.Observer.csproj", "{76354122-7F30-47FF-88CD-6F4CC0FBEEDE}"
EndProject
Project("{2150E333-8FDC-42A3-9474-1A3956D46DE8}") = "AbstractMethodFactory", "AbstractMethodFactory", "{C610B13D-0D00-4FB0-876C-8D1A07C06A28}"
EndProject
Project("{9A19103F-16F7-4668-BE54-9A1E7A4F7556}") = "VP.DesignPatterns.AbstractMethodFactory", "Creational\AbstractMethodFactory\VP.DesignPatterns.AbstractMethodFactory\VP.DesignPatterns.AbstractMethodFactory.csproj", "{D9AB380A-A439-4271-8CB6-1DE583762390}"
EndProject
Project("{2150E333-8FDC-42A3-9474-1A3956D46DE8}") = "FactoryMethod", "FactoryMethod", "{960A071D-EA22-459C-BB24-B1E10FF947EB}"
EndProject
Project("{9A19103F-16F7-4668-BE54-9A1E7A4F7556}") = "VP.DesignPatterns.FactoryMethod", "Creational\FactoryMethod\VP.DesignPatterns.FactoryMethod\VP.DesignPatterns.FactoryMethod.csproj", "{79C2BA5D-3EDD-4F3E-B1C2-634439FFAB21}"
EndProject
Project("{2150E333-8FDC-42A3-9474-1A3956D46DE8}") = "Singleton", "Singleton", "{2F7E42AD-673F-4930-BC35-6076FA7C4A6D}"
EndProject
Project("{9A19103F-16F7-4668-BE54-9A1E7A4F7556}") = "VP.DesignPatterns.Singleton", "Creational\Singleton\VP.DesignPatterns.Singleton\VP.DesignPatterns.Singleton.csproj", "{84135659-BA40-4AB2-AE91-424DE051B927}"
EndProject
Project("{2150E333-8FDC-42A3-9474-1A3956D46DE8}") = "Adapter", "Adapter", "{D8C415B1-57A8-4690-8132-BEADBD154D74}"
EndProject
Project("{2150E333-8FDC-42A3-9474-1A3956D46DE8}") = "Decorator", "Decorator", "{917A2200-5CE2-4A48-8133-58593C9CC217}"
EndProject
Project("{2150E333-8FDC-42A3-9474-1A3956D46DE8}") = "Composite", "Composite", "{B2689C17-F65D-481D-9532-16AA41411DE5}"
EndProject
Project("{9A19103F-16F7-4668-BE54-9A1E7A4F7556}") = "VP.DesignPatterns.Adapter", "Structural\Adapter\VP.DesignPatterns.Adapter\VP.DesignPatterns.Adapter.csproj", "{A49DBF18-0127-47F1-BF2D-DD3CD490571E}"
EndProject
Project("{9A19103F-16F7-4668-BE54-9A1E7A4F7556}") = "VP.DesignPatterns.Composite", "Structural\Composite\VP.DesignPatterns.Composite\VP.DesignPatterns.Composite.csproj", "{D479E569-319C-4E1B-A94E-C234D06652A3}"
EndProject
Project("{9A19103F-16F7-4668-BE54-9A1E7A4F7556}") = "VP.DesignPatterns.Decorator", "Structural\Decorator\VP.DesignPatterns.Decorator\VP.DesignPatterns.Decorator.csproj", "{0C6E3112-478F-48B8-B911-A9F1DACA0DEB}"
EndProject
Project("{9A19103F-16F7-4668-BE54-9A1E7A4F7556}") = "VP.DesignPatterns.Composite.Tests", "Structural\Composite\VP.DesignPatterns.Composite.Tests\VP.DesignPatterns.Composite.Tests.csproj", "{58DE4F26-6C91-41F7-BC49-53C14EE99A48}"
EndProject
Project("{9A19103F-16F7-4668-BE54-9A1E7A4F7556}") = "VP.DesignPatterns.Singleton.Tests", "Creational\Singleton\VP.DesignPatterns.Singleton.Tests\VP.DesignPatterns.Singleton.Tests.csproj", "{25A9C272-B174-4DFA-AA3B-B5B46E4F6459}"
EndProject
Project("{9A19103F-16F7-4668-BE54-9A1E7A4F7556}") = "VP.DesignPatterns.FactoryMethod.Tests", "Creational\FactoryMethod\VP.DesignPatterns.FactoryMethod.Tests\VP.DesignPatterns.FactoryMethod.Tests.csproj", "{4240EB98-8762-4F23-B905-9D209D6E768D}"
EndProject
Project("{9A19103F-16F7-4668-BE54-9A1E7A4F7556}") = "VP.DesignPatterns.Strategy.Tests", "Behavioural\Strategy\VP.DesignPatterns.Strategy.Tests\VP.DesignPatterns.Strategy.Tests.csproj", "{8BE925AF-CA85-465D-B6A5-282E4189B8D4}"
EndProject
Project("{9A19103F-16F7-4668-BE54-9A1E7A4F7556}") = "VP.DesignPatterns.Command.Tests", "Behavioural\Command\VP.DesignPatterns.Command.Tests\VP.DesignPatterns.Command.Tests.csproj", "{994C1DCF-74FB-497A-B42C-AECF3E031604}"
EndProject
Project("{9A19103F-16F7-4668-BE54-9A1E7A4F7556}") = "VP.DesignPatterns.Observer.Tests", "Behavioural\Observer\VP.DesignPatterns.Observer.Tests\VP.DesignPatterns.Observer.Tests.csproj", "{05629B8B-0879-404E-B775-5844095D9A1F}"
EndProject
Project("{9A19103F-16F7-4668-BE54-9A1E7A4F7556}") = "VP.DesignPatterns.Adapter.Tests", "Structural\Adapter\VP.DesignPatterns.Adapter.Tests\VP.DesignPatterns.Adapter.Tests.csproj", "{7D1AB093-7629-489C-85D0-F45847DC7D4E}"
EndProject
Project("{9A19103F-16F7-4668-BE54-9A1E7A4F7556}") = "VP.DesignPatterns.AbstractMethodFactory.Tests", "Creational\AbstractMethodFactory\VP.DesignPatterns.AbstractMethodFactory.Tests\VP.DesignPatterns.AbstractMethodFactory.Tests.csproj", "{F63C48AF-A5D0-48D0-848F-0C5DE4C6E8F8}"
EndProject
Project("{9A19103F-16F7-4668-BE54-9A1E7A4F7556}") = "VP.DesignPatterns.Decorator.Tests", "Structural\Decorator\VP.DesignPatterns.Decorator.Tests\VP.DesignPatterns.Decorator.Tests.csproj", "{D0FE4461-5FC4-4039-B88A-F6388F5888E1}"
EndProject
Project("{2150E333-8FDC-42A3-9474-1A3956D46DE8}") = "Facade", "Facade", "{160897FD-9130-452D-BAD8-B0AF4F8FBF64}"
EndProject
Project("{2150E333-8FDC-42A3-9474-1A3956D46DE8}") = "Proxy", "Proxy", "{44DC0BB8-4E50-4D70-8F44-3DC5AD9207F5}"
EndProject
Project("{9A19103F-16F7-4668-BE54-9A1E7A4F7556}") = "VP.DesignPatterns.Facade", "Structural\Facade\VP.DesignPatterns.Facade\VP.DesignPatterns.Facade.csproj", "{3CEE0456-C789-44CD-9809-FD56241DED9E}"
EndProject
Project("{9A19103F-16F7-4668-BE54-9A1E7A4F7556}") = "VP.DesignPatterns.Facade.Tests", "Structural\Facade\VP.DesignPatterns.Facade.Tests\VP.DesignPatterns.Facade.Tests.csproj", "{4680B893-CA14-4315-8151-17D9AECFDDE9}"
EndProject
Project("{9A19103F-16F7-4668-BE54-9A1E7A4F7556}") = "VP.DesignPatterns.Proxy", "Structural\Proxy\VP.DesignPatterns.Proxy\VP.DesignPatterns.Proxy.csproj", "{C5A78514-E88B-4C25-A3D3-E550024CD318}"
EndProject
Project("{9A19103F-16F7-4668-BE54-9A1E7A4F7556}") = "VP.DesignPatterns.Proxy.Tests", "Structural\Proxy\VP.DesignPatterns.Proxy.Tests\VP.DesignPatterns.Proxy.Tests.csproj", "{1CE69360-0A97-4437-AD5E-5C06D1406592}"
EndProject
Project("{2150E333-8FDC-42A3-9474-1A3956D46DE8}") = "TemplateMethod", "TemplateMethod", "{2776638D-4FC6-4BEC-9281-A4980C27136D}"
EndProject
Project("{9A19103F-16F7-4668-BE54-9A1E7A4F7556}") = "VP.DesignPatterns.TemplateMethod", "Behavioural\TemplateMethod\VP.DesignPatterns.TemplateMethod\VP.DesignPatterns.TemplateMethod.csproj", "{787BD422-D6AC-46E5-B9B8-84502B4469CF}"
EndProject
Project("{9A19103F-16F7-4668-BE54-9A1E7A4F7556}") = "VP.DesignPatterns.TemplateMethod.Tests", "Behavioural\TemplateMethod\VP.DesignPatterns.TemplateMethod.Tests\VP.DesignPatterns.TemplateMethod.Tests.csproj", "{97DAC97C-B915-4C02-B2A0-4F075D2196B9}"
EndProject
Project("{2150E333-8FDC-42A3-9474-1A3956D46DE8}") = "NullObject", "NullObject", "{BEBB61E3-047B-42BA-BDEB-721577C37AFE}"
EndProject
Project("{9A19103F-16F7-4668-BE54-9A1E7A4F7556}") = "VP.DesignPatterns.NullObject", "Behavioural\NullObject\VP.DesignPatterns.NullObject\VP.DesignPatterns.NullObject.csproj", "{8CFFB423-2996-4B16-B0C2-A2EF5D37792A}"
EndProject
Project("{9A19103F-16F7-4668-BE54-9A1E7A4F7556}") = "VP.DesignPatterns.NullObject.Tests", "Behavioural\NullObject\VP.DesignPatterns.NullObject.Tests\VP.DesignPatterns.NullObject.Tests.csproj", "{8402F294-903E-49CB-A70C-C5F4F3AF8051}"
EndProject
Project("{2150E333-8FDC-42A3-9474-1A3956D46DE8}") = "State", "State", "{F67F9716-7431-4BB9-BD13-D8175EA0B36A}"
EndProject
Project("{9A19103F-16F7-4668-BE54-9A1E7A4F7556}") = "VP.DesignPatterns.State", "Behavioural\State\VP.DesignPatterns.State\VP.DesignPatterns.State.csproj", "{86ABC239-65F0-474B-80D5-9EF7720D19A2}"
EndProject
Project("{9A19103F-16F7-4668-BE54-9A1E7A4F7556}") = "VP.DesignPatterns.State.Tests", "Behavioural\State\VP.DesignPatterns.State.Tests\VP.DesignPatterns.State.Tests.csproj", "{05C32444-BEED-4931-A7A7-6EFDB264ECEE}"
EndProject
Project("{2150E333-8FDC-42A3-9474-1A3956D46DE8}") = "Builder", "Builder", "{22C05DF5-CF84-4885-8811-4B9B1A91406F}"
EndProject
Project("{9A19103F-16F7-4668-BE54-9A1E7A4F7556}") = "VP.DesignPatterns.Builder", "Creational\Builder\VP.DesignPatterns.Builder\VP.DesignPatterns.Builder.csproj", "{A7626590-D34D-446B-920D-823AF093177A}"
EndProject
Project("{9A19103F-16F7-4668-BE54-9A1E7A4F7556}") = "VP.DesignPatterns.Builder.Tests", "Creational\Builder\VP.DesignPatterns.Builder.Tests\VP.DesignPatterns.Builder.Tests.csproj", "{C907FDBD-53C6-4CA0-BB6F-98B0630A6971}"
EndProject
Project("{2150E333-8FDC-42A3-9474-1A3956D46DE8}") = "Flyweight", "Flyweight", "{6651C8C7-FB08-40D1-BDC2-F5A69106AED4}"
EndProject
Project("{9A19103F-16F7-4668-BE54-9A1E7A4F7556}") = "VP.DesignPatterns.Flyweight", "Structural\Flyweight\VP.DesignPatterns.Flyweight\VP.DesignPatterns.Flyweight.csproj", "{67688F21-DAD9-4A74-B53E-8271E5655246}"
EndProject
Project("{9A19103F-16F7-4668-BE54-9A1E7A4F7556}") = "VP.DesignPatterns.Flyweight.Tests", "Structural\Flyweight\VP.DesignPatterns.Flyweight.Tests\VP.DesignPatterns.Flyweight.Tests.csproj", "{B6BA1FB8-2681-4AEC-8B8A-139EF57626E7}"
EndProject
Project("{2150E333-8FDC-42A3-9474-1A3956D46DE8}") = "Prototype", "Prototype", "{18EECF63-BE26-402B-A4F6-A0CE59F93C6E}"
EndProject
Project("{9A19103F-16F7-4668-BE54-9A1E7A4F7556}") = "VP.DesignPatterns.Prototype", "Creational\Prototype\VP.DesignPatterns.Prototype\VP.DesignPatterns.Prototype.csproj", "{5CBD3CD6-E04D-45CA-908D-C32B66325401}"
EndProject
Project("{9A19103F-16F7-4668-BE54-9A1E7A4F7556}") = "VP.DesignPatterns.Prototype.Tests", "Creational\Prototype\VP.DesignPatterns.Prototype.Tests\VP.DesignPatterns.Prototype.Tests.csproj", "{5B1094B1-AD17-4C81-9821-B20A0AC609BE}"
EndProject
Project("{2150E333-8FDC-42A3-9474-1A3956D46DE8}") = "ChainOfResponsibility", "ChainOfResponsibility", "{9DFAEE16-77C0-4730-A7D0-F6567F22F868}"
EndProject
Project("{9A19103F-16F7-4668-BE54-9A1E7A4F7556}") = "VP.DesignPatterns.ChainOfResponsibility", "Behavioural\ChainOfResponsibility\VP.DesignPatterns.ChainOfResponsibility\VP.DesignPatterns.ChainOfResponsibility.csproj", "{5BDA097E-919C-4F90-85C7-BE8F5F0825F3}"
EndProject
Project("{9A19103F-16F7-4668-BE54-9A1E7A4F7556}") = "VP.DesignPatterns.ChainOfResponsibility.Tests", "Behavioural\ChainOfResponsibility\VP.DesignPatterns.ChainOfResponsibility.Tests\VP.DesignPatterns.ChainOfResponsibility.Tests.csproj", "{C006FDB0-4AC1-4353-A8CD-B828A1FEB3E7}"
EndProject
Project("{2150E333-8FDC-42A3-9474-1A3956D46DE8}") = "Memento", "Memento", "{7039DEC8-4AB4-46CE-B94D-7FBFB38A51D5}"
EndProject
Project("{9A19103F-16F7-4668-BE54-9A1E7A4F7556}") = "VP.DesignPatterns.Memento", "Behavioural\Memento\VP.DesignPatterns.Memento\VP.DesignPatterns.Memento.csproj", "{00397A8F-A141-41A1-BD6E-9275D71D3D92}"
EndProject
Project("{9A19103F-16F7-4668-BE54-9A1E7A4F7556}") = "VP.DesignPatterns.Memento.Tests", "Behavioural\Memento\VP.DesignPatterns.Memento.Tests\VP.DesignPatterns.Memento.Tests.csproj", "{7C586097-8AFA-421E-9637-48374CE002A6}"
EndProject
Project("{2150E333-8FDC-42A3-9474-1A3956D46DE8}") = "Iterator", "Iterator", "{2E63F338-C4B9-4C64-B762-0FC6B8054EF4}"
EndProject
Project("{9A19103F-16F7-4668-BE54-9A1E7A4F7556}") = "VP.DesignPatterns.Iterator", "Behavioural\Iterator\VP.DesignPatterns.Iterator\VP.DesignPatterns.Iterator.csproj", "{227F4F6F-18E6-42A0-8BE3-11D88D24B78D}"
EndProject
Project("{9A19103F-16F7-4668-BE54-9A1E7A4F7556}") = "VP.DesignPatterns.Mediator", "Behavioural\Mediator\VP.DesignPatterns.Mediator\VP.DesignPatterns.Mediator.csproj", "{23AA19EB-5446-4D49-985A-B62BF81EC189}"
EndProject
Project("{9A19103F-16F7-4668-BE54-9A1E7A4F7556}") = "VP.DesignPatterns.Mediator.Tests", "Behavioural\Mediator\VP.DesignPatterns.Mediator.Tests\VP.DesignPatterns.Mediator.Tests.csproj", "{7BE037C6-77E1-4D1C-9606-2F4D051F4A1F}"
EndProject
Project("{2150E333-8FDC-42A3-9474-1A3956D46DE8}") = "Mediator", "Mediator", "{627FC0C5-43CA-421D-BA7B-77348F648C93}"
EndProject
Global
	GlobalSection(SolutionConfigurationPlatforms) = preSolution
		Debug|Any CPU = Debug|Any CPU
		Release|Any CPU = Release|Any CPU
	EndGlobalSection
	GlobalSection(ProjectConfigurationPlatforms) = postSolution
		{634C4CC1-CBCC-4965-86C2-576738B5BF98}.Debug|Any CPU.ActiveCfg = Debug|Any CPU
		{634C4CC1-CBCC-4965-86C2-576738B5BF98}.Debug|Any CPU.Build.0 = Debug|Any CPU
		{634C4CC1-CBCC-4965-86C2-576738B5BF98}.Release|Any CPU.ActiveCfg = Release|Any CPU
		{634C4CC1-CBCC-4965-86C2-576738B5BF98}.Release|Any CPU.Build.0 = Release|Any CPU
		{14E0153B-49EA-4BF0-96B4-4E4040BD95FD}.Debug|Any CPU.ActiveCfg = Debug|Any CPU
		{14E0153B-49EA-4BF0-96B4-4E4040BD95FD}.Debug|Any CPU.Build.0 = Debug|Any CPU
		{14E0153B-49EA-4BF0-96B4-4E4040BD95FD}.Release|Any CPU.ActiveCfg = Release|Any CPU
		{14E0153B-49EA-4BF0-96B4-4E4040BD95FD}.Release|Any CPU.Build.0 = Release|Any CPU
		{AB9A20EA-1FC0-416D-B51D-749A27E820CF}.Debug|Any CPU.ActiveCfg = Debug|Any CPU
		{AB9A20EA-1FC0-416D-B51D-749A27E820CF}.Debug|Any CPU.Build.0 = Debug|Any CPU
		{AB9A20EA-1FC0-416D-B51D-749A27E820CF}.Release|Any CPU.ActiveCfg = Release|Any CPU
		{AB9A20EA-1FC0-416D-B51D-749A27E820CF}.Release|Any CPU.Build.0 = Release|Any CPU
		{5EC4B1E9-EFCC-4CE4-A36A-5A4A43FC289F}.Debug|Any CPU.ActiveCfg = Debug|Any CPU
		{5EC4B1E9-EFCC-4CE4-A36A-5A4A43FC289F}.Debug|Any CPU.Build.0 = Debug|Any CPU
		{5EC4B1E9-EFCC-4CE4-A36A-5A4A43FC289F}.Release|Any CPU.ActiveCfg = Release|Any CPU
		{5EC4B1E9-EFCC-4CE4-A36A-5A4A43FC289F}.Release|Any CPU.Build.0 = Release|Any CPU
		{76354122-7F30-47FF-88CD-6F4CC0FBEEDE}.Debug|Any CPU.ActiveCfg = Debug|Any CPU
		{76354122-7F30-47FF-88CD-6F4CC0FBEEDE}.Debug|Any CPU.Build.0 = Debug|Any CPU
		{76354122-7F30-47FF-88CD-6F4CC0FBEEDE}.Release|Any CPU.ActiveCfg = Release|Any CPU
		{76354122-7F30-47FF-88CD-6F4CC0FBEEDE}.Release|Any CPU.Build.0 = Release|Any CPU
		{D9AB380A-A439-4271-8CB6-1DE583762390}.Debug|Any CPU.ActiveCfg = Debug|Any CPU
		{D9AB380A-A439-4271-8CB6-1DE583762390}.Debug|Any CPU.Build.0 = Debug|Any CPU
		{D9AB380A-A439-4271-8CB6-1DE583762390}.Release|Any CPU.ActiveCfg = Release|Any CPU
		{D9AB380A-A439-4271-8CB6-1DE583762390}.Release|Any CPU.Build.0 = Release|Any CPU
		{79C2BA5D-3EDD-4F3E-B1C2-634439FFAB21}.Debug|Any CPU.ActiveCfg = Debug|Any CPU
		{79C2BA5D-3EDD-4F3E-B1C2-634439FFAB21}.Debug|Any CPU.Build.0 = Debug|Any CPU
		{79C2BA5D-3EDD-4F3E-B1C2-634439FFAB21}.Release|Any CPU.ActiveCfg = Release|Any CPU
		{79C2BA5D-3EDD-4F3E-B1C2-634439FFAB21}.Release|Any CPU.Build.0 = Release|Any CPU
		{84135659-BA40-4AB2-AE91-424DE051B927}.Debug|Any CPU.ActiveCfg = Debug|Any CPU
		{84135659-BA40-4AB2-AE91-424DE051B927}.Debug|Any CPU.Build.0 = Debug|Any CPU
		{84135659-BA40-4AB2-AE91-424DE051B927}.Release|Any CPU.ActiveCfg = Release|Any CPU
		{84135659-BA40-4AB2-AE91-424DE051B927}.Release|Any CPU.Build.0 = Release|Any CPU
		{A49DBF18-0127-47F1-BF2D-DD3CD490571E}.Debug|Any CPU.ActiveCfg = Debug|Any CPU
		{A49DBF18-0127-47F1-BF2D-DD3CD490571E}.Debug|Any CPU.Build.0 = Debug|Any CPU
		{A49DBF18-0127-47F1-BF2D-DD3CD490571E}.Release|Any CPU.ActiveCfg = Release|Any CPU
		{A49DBF18-0127-47F1-BF2D-DD3CD490571E}.Release|Any CPU.Build.0 = Release|Any CPU
		{D479E569-319C-4E1B-A94E-C234D06652A3}.Debug|Any CPU.ActiveCfg = Debug|Any CPU
		{D479E569-319C-4E1B-A94E-C234D06652A3}.Debug|Any CPU.Build.0 = Debug|Any CPU
		{D479E569-319C-4E1B-A94E-C234D06652A3}.Release|Any CPU.ActiveCfg = Release|Any CPU
		{D479E569-319C-4E1B-A94E-C234D06652A3}.Release|Any CPU.Build.0 = Release|Any CPU
		{0C6E3112-478F-48B8-B911-A9F1DACA0DEB}.Debug|Any CPU.ActiveCfg = Debug|Any CPU
		{0C6E3112-478F-48B8-B911-A9F1DACA0DEB}.Debug|Any CPU.Build.0 = Debug|Any CPU
		{0C6E3112-478F-48B8-B911-A9F1DACA0DEB}.Release|Any CPU.ActiveCfg = Release|Any CPU
		{0C6E3112-478F-48B8-B911-A9F1DACA0DEB}.Release|Any CPU.Build.0 = Release|Any CPU
		{58DE4F26-6C91-41F7-BC49-53C14EE99A48}.Debug|Any CPU.ActiveCfg = Debug|Any CPU
		{58DE4F26-6C91-41F7-BC49-53C14EE99A48}.Debug|Any CPU.Build.0 = Debug|Any CPU
		{58DE4F26-6C91-41F7-BC49-53C14EE99A48}.Release|Any CPU.ActiveCfg = Release|Any CPU
		{58DE4F26-6C91-41F7-BC49-53C14EE99A48}.Release|Any CPU.Build.0 = Release|Any CPU
		{25A9C272-B174-4DFA-AA3B-B5B46E4F6459}.Debug|Any CPU.ActiveCfg = Debug|Any CPU
		{25A9C272-B174-4DFA-AA3B-B5B46E4F6459}.Debug|Any CPU.Build.0 = Debug|Any CPU
		{25A9C272-B174-4DFA-AA3B-B5B46E4F6459}.Release|Any CPU.ActiveCfg = Release|Any CPU
		{25A9C272-B174-4DFA-AA3B-B5B46E4F6459}.Release|Any CPU.Build.0 = Release|Any CPU
		{4240EB98-8762-4F23-B905-9D209D6E768D}.Debug|Any CPU.ActiveCfg = Debug|Any CPU
		{4240EB98-8762-4F23-B905-9D209D6E768D}.Debug|Any CPU.Build.0 = Debug|Any CPU
		{4240EB98-8762-4F23-B905-9D209D6E768D}.Release|Any CPU.ActiveCfg = Release|Any CPU
		{4240EB98-8762-4F23-B905-9D209D6E768D}.Release|Any CPU.Build.0 = Release|Any CPU
		{8BE925AF-CA85-465D-B6A5-282E4189B8D4}.Debug|Any CPU.ActiveCfg = Debug|Any CPU
		{8BE925AF-CA85-465D-B6A5-282E4189B8D4}.Debug|Any CPU.Build.0 = Debug|Any CPU
		{8BE925AF-CA85-465D-B6A5-282E4189B8D4}.Release|Any CPU.ActiveCfg = Release|Any CPU
		{8BE925AF-CA85-465D-B6A5-282E4189B8D4}.Release|Any CPU.Build.0 = Release|Any CPU
		{994C1DCF-74FB-497A-B42C-AECF3E031604}.Debug|Any CPU.ActiveCfg = Debug|Any CPU
		{994C1DCF-74FB-497A-B42C-AECF3E031604}.Debug|Any CPU.Build.0 = Debug|Any CPU
		{994C1DCF-74FB-497A-B42C-AECF3E031604}.Release|Any CPU.ActiveCfg = Release|Any CPU
		{994C1DCF-74FB-497A-B42C-AECF3E031604}.Release|Any CPU.Build.0 = Release|Any CPU
		{05629B8B-0879-404E-B775-5844095D9A1F}.Debug|Any CPU.ActiveCfg = Debug|Any CPU
		{05629B8B-0879-404E-B775-5844095D9A1F}.Debug|Any CPU.Build.0 = Debug|Any CPU
		{05629B8B-0879-404E-B775-5844095D9A1F}.Release|Any CPU.ActiveCfg = Release|Any CPU
		{05629B8B-0879-404E-B775-5844095D9A1F}.Release|Any CPU.Build.0 = Release|Any CPU
		{7D1AB093-7629-489C-85D0-F45847DC7D4E}.Debug|Any CPU.ActiveCfg = Debug|Any CPU
		{7D1AB093-7629-489C-85D0-F45847DC7D4E}.Debug|Any CPU.Build.0 = Debug|Any CPU
		{7D1AB093-7629-489C-85D0-F45847DC7D4E}.Release|Any CPU.ActiveCfg = Release|Any CPU
		{7D1AB093-7629-489C-85D0-F45847DC7D4E}.Release|Any CPU.Build.0 = Release|Any CPU
		{F63C48AF-A5D0-48D0-848F-0C5DE4C6E8F8}.Debug|Any CPU.ActiveCfg = Debug|Any CPU
		{F63C48AF-A5D0-48D0-848F-0C5DE4C6E8F8}.Debug|Any CPU.Build.0 = Debug|Any CPU
		{F63C48AF-A5D0-48D0-848F-0C5DE4C6E8F8}.Release|Any CPU.ActiveCfg = Release|Any CPU
		{F63C48AF-A5D0-48D0-848F-0C5DE4C6E8F8}.Release|Any CPU.Build.0 = Release|Any CPU
		{D0FE4461-5FC4-4039-B88A-F6388F5888E1}.Debug|Any CPU.ActiveCfg = Debug|Any CPU
		{D0FE4461-5FC4-4039-B88A-F6388F5888E1}.Debug|Any CPU.Build.0 = Debug|Any CPU
		{D0FE4461-5FC4-4039-B88A-F6388F5888E1}.Release|Any CPU.ActiveCfg = Release|Any CPU
		{D0FE4461-5FC4-4039-B88A-F6388F5888E1}.Release|Any CPU.Build.0 = Release|Any CPU
		{3CEE0456-C789-44CD-9809-FD56241DED9E}.Debug|Any CPU.ActiveCfg = Debug|Any CPU
		{3CEE0456-C789-44CD-9809-FD56241DED9E}.Debug|Any CPU.Build.0 = Debug|Any CPU
		{3CEE0456-C789-44CD-9809-FD56241DED9E}.Release|Any CPU.ActiveCfg = Release|Any CPU
		{3CEE0456-C789-44CD-9809-FD56241DED9E}.Release|Any CPU.Build.0 = Release|Any CPU
		{4680B893-CA14-4315-8151-17D9AECFDDE9}.Debug|Any CPU.ActiveCfg = Debug|Any CPU
		{4680B893-CA14-4315-8151-17D9AECFDDE9}.Debug|Any CPU.Build.0 = Debug|Any CPU
		{4680B893-CA14-4315-8151-17D9AECFDDE9}.Release|Any CPU.ActiveCfg = Release|Any CPU
		{4680B893-CA14-4315-8151-17D9AECFDDE9}.Release|Any CPU.Build.0 = Release|Any CPU
		{C5A78514-E88B-4C25-A3D3-E550024CD318}.Debug|Any CPU.ActiveCfg = Debug|Any CPU
		{C5A78514-E88B-4C25-A3D3-E550024CD318}.Debug|Any CPU.Build.0 = Debug|Any CPU
		{C5A78514-E88B-4C25-A3D3-E550024CD318}.Release|Any CPU.ActiveCfg = Release|Any CPU
		{C5A78514-E88B-4C25-A3D3-E550024CD318}.Release|Any CPU.Build.0 = Release|Any CPU
		{1CE69360-0A97-4437-AD5E-5C06D1406592}.Debug|Any CPU.ActiveCfg = Debug|Any CPU
		{1CE69360-0A97-4437-AD5E-5C06D1406592}.Debug|Any CPU.Build.0 = Debug|Any CPU
		{1CE69360-0A97-4437-AD5E-5C06D1406592}.Release|Any CPU.ActiveCfg = Release|Any CPU
		{1CE69360-0A97-4437-AD5E-5C06D1406592}.Release|Any CPU.Build.0 = Release|Any CPU
		{787BD422-D6AC-46E5-B9B8-84502B4469CF}.Debug|Any CPU.ActiveCfg = Debug|Any CPU
		{787BD422-D6AC-46E5-B9B8-84502B4469CF}.Debug|Any CPU.Build.0 = Debug|Any CPU
		{787BD422-D6AC-46E5-B9B8-84502B4469CF}.Release|Any CPU.ActiveCfg = Release|Any CPU
		{787BD422-D6AC-46E5-B9B8-84502B4469CF}.Release|Any CPU.Build.0 = Release|Any CPU
		{97DAC97C-B915-4C02-B2A0-4F075D2196B9}.Debug|Any CPU.ActiveCfg = Debug|Any CPU
		{97DAC97C-B915-4C02-B2A0-4F075D2196B9}.Debug|Any CPU.Build.0 = Debug|Any CPU
		{97DAC97C-B915-4C02-B2A0-4F075D2196B9}.Release|Any CPU.ActiveCfg = Release|Any CPU
		{97DAC97C-B915-4C02-B2A0-4F075D2196B9}.Release|Any CPU.Build.0 = Release|Any CPU
		{8CFFB423-2996-4B16-B0C2-A2EF5D37792A}.Debug|Any CPU.ActiveCfg = Debug|Any CPU
		{8CFFB423-2996-4B16-B0C2-A2EF5D37792A}.Debug|Any CPU.Build.0 = Debug|Any CPU
		{8CFFB423-2996-4B16-B0C2-A2EF5D37792A}.Release|Any CPU.ActiveCfg = Release|Any CPU
		{8CFFB423-2996-4B16-B0C2-A2EF5D37792A}.Release|Any CPU.Build.0 = Release|Any CPU
		{8402F294-903E-49CB-A70C-C5F4F3AF8051}.Debug|Any CPU.ActiveCfg = Debug|Any CPU
		{8402F294-903E-49CB-A70C-C5F4F3AF8051}.Debug|Any CPU.Build.0 = Debug|Any CPU
		{8402F294-903E-49CB-A70C-C5F4F3AF8051}.Release|Any CPU.ActiveCfg = Release|Any CPU
		{8402F294-903E-49CB-A70C-C5F4F3AF8051}.Release|Any CPU.Build.0 = Release|Any CPU
		{86ABC239-65F0-474B-80D5-9EF7720D19A2}.Debug|Any CPU.ActiveCfg = Debug|Any CPU
		{86ABC239-65F0-474B-80D5-9EF7720D19A2}.Debug|Any CPU.Build.0 = Debug|Any CPU
		{86ABC239-65F0-474B-80D5-9EF7720D19A2}.Release|Any CPU.ActiveCfg = Release|Any CPU
		{86ABC239-65F0-474B-80D5-9EF7720D19A2}.Release|Any CPU.Build.0 = Release|Any CPU
		{05C32444-BEED-4931-A7A7-6EFDB264ECEE}.Debug|Any CPU.ActiveCfg = Debug|Any CPU
		{05C32444-BEED-4931-A7A7-6EFDB264ECEE}.Debug|Any CPU.Build.0 = Debug|Any CPU
		{05C32444-BEED-4931-A7A7-6EFDB264ECEE}.Release|Any CPU.ActiveCfg = Release|Any CPU
		{05C32444-BEED-4931-A7A7-6EFDB264ECEE}.Release|Any CPU.Build.0 = Release|Any CPU
		{A7626590-D34D-446B-920D-823AF093177A}.Debug|Any CPU.ActiveCfg = Debug|Any CPU
		{A7626590-D34D-446B-920D-823AF093177A}.Debug|Any CPU.Build.0 = Debug|Any CPU
		{A7626590-D34D-446B-920D-823AF093177A}.Release|Any CPU.ActiveCfg = Release|Any CPU
		{A7626590-D34D-446B-920D-823AF093177A}.Release|Any CPU.Build.0 = Release|Any CPU
		{C907FDBD-53C6-4CA0-BB6F-98B0630A6971}.Debug|Any CPU.ActiveCfg = Debug|Any CPU
		{C907FDBD-53C6-4CA0-BB6F-98B0630A6971}.Debug|Any CPU.Build.0 = Debug|Any CPU
		{C907FDBD-53C6-4CA0-BB6F-98B0630A6971}.Release|Any CPU.ActiveCfg = Release|Any CPU
		{C907FDBD-53C6-4CA0-BB6F-98B0630A6971}.Release|Any CPU.Build.0 = Release|Any CPU
		{67688F21-DAD9-4A74-B53E-8271E5655246}.Debug|Any CPU.ActiveCfg = Debug|Any CPU
		{67688F21-DAD9-4A74-B53E-8271E5655246}.Debug|Any CPU.Build.0 = Debug|Any CPU
		{67688F21-DAD9-4A74-B53E-8271E5655246}.Release|Any CPU.ActiveCfg = Release|Any CPU
		{67688F21-DAD9-4A74-B53E-8271E5655246}.Release|Any CPU.Build.0 = Release|Any CPU
		{B6BA1FB8-2681-4AEC-8B8A-139EF57626E7}.Debug|Any CPU.ActiveCfg = Debug|Any CPU
		{B6BA1FB8-2681-4AEC-8B8A-139EF57626E7}.Debug|Any CPU.Build.0 = Debug|Any CPU
		{B6BA1FB8-2681-4AEC-8B8A-139EF57626E7}.Release|Any CPU.ActiveCfg = Release|Any CPU
		{B6BA1FB8-2681-4AEC-8B8A-139EF57626E7}.Release|Any CPU.Build.0 = Release|Any CPU
		{5CBD3CD6-E04D-45CA-908D-C32B66325401}.Debug|Any CPU.ActiveCfg = Debug|Any CPU
		{5CBD3CD6-E04D-45CA-908D-C32B66325401}.Debug|Any CPU.Build.0 = Debug|Any CPU
		{5CBD3CD6-E04D-45CA-908D-C32B66325401}.Release|Any CPU.ActiveCfg = Release|Any CPU
		{5CBD3CD6-E04D-45CA-908D-C32B66325401}.Release|Any CPU.Build.0 = Release|Any CPU
		{5B1094B1-AD17-4C81-9821-B20A0AC609BE}.Debug|Any CPU.ActiveCfg = Debug|Any CPU
		{5B1094B1-AD17-4C81-9821-B20A0AC609BE}.Debug|Any CPU.Build.0 = Debug|Any CPU
		{5B1094B1-AD17-4C81-9821-B20A0AC609BE}.Release|Any CPU.ActiveCfg = Release|Any CPU
		{5B1094B1-AD17-4C81-9821-B20A0AC609BE}.Release|Any CPU.Build.0 = Release|Any CPU
		{5BDA097E-919C-4F90-85C7-BE8F5F0825F3}.Debug|Any CPU.ActiveCfg = Debug|Any CPU
		{5BDA097E-919C-4F90-85C7-BE8F5F0825F3}.Debug|Any CPU.Build.0 = Debug|Any CPU
		{5BDA097E-919C-4F90-85C7-BE8F5F0825F3}.Release|Any CPU.ActiveCfg = Release|Any CPU
		{5BDA097E-919C-4F90-85C7-BE8F5F0825F3}.Release|Any CPU.Build.0 = Release|Any CPU
		{C006FDB0-4AC1-4353-A8CD-B828A1FEB3E7}.Debug|Any CPU.ActiveCfg = Debug|Any CPU
		{C006FDB0-4AC1-4353-A8CD-B828A1FEB3E7}.Debug|Any CPU.Build.0 = Debug|Any CPU
		{C006FDB0-4AC1-4353-A8CD-B828A1FEB3E7}.Release|Any CPU.ActiveCfg = Release|Any CPU
		{C006FDB0-4AC1-4353-A8CD-B828A1FEB3E7}.Release|Any CPU.Build.0 = Release|Any CPU
		{00397A8F-A141-41A1-BD6E-9275D71D3D92}.Debug|Any CPU.ActiveCfg = Debug|Any CPU
		{00397A8F-A141-41A1-BD6E-9275D71D3D92}.Debug|Any CPU.Build.0 = Debug|Any CPU
		{00397A8F-A141-41A1-BD6E-9275D71D3D92}.Release|Any CPU.ActiveCfg = Release|Any CPU
		{00397A8F-A141-41A1-BD6E-9275D71D3D92}.Release|Any CPU.Build.0 = Release|Any CPU
		{7C586097-8AFA-421E-9637-48374CE002A6}.Debug|Any CPU.ActiveCfg = Debug|Any CPU
		{7C586097-8AFA-421E-9637-48374CE002A6}.Debug|Any CPU.Build.0 = Debug|Any CPU
		{7C586097-8AFA-421E-9637-48374CE002A6}.Release|Any CPU.ActiveCfg = Release|Any CPU
		{7C586097-8AFA-421E-9637-48374CE002A6}.Release|Any CPU.Build.0 = Release|Any CPU
		{227F4F6F-18E6-42A0-8BE3-11D88D24B78D}.Debug|Any CPU.ActiveCfg = Debug|Any CPU
		{227F4F6F-18E6-42A0-8BE3-11D88D24B78D}.Debug|Any CPU.Build.0 = Debug|Any CPU
		{227F4F6F-18E6-42A0-8BE3-11D88D24B78D}.Release|Any CPU.ActiveCfg = Release|Any CPU
		{227F4F6F-18E6-42A0-8BE3-11D88D24B78D}.Release|Any CPU.Build.0 = Release|Any CPU
		{23AA19EB-5446-4D49-985A-B62BF81EC189}.Debug|Any CPU.ActiveCfg = Debug|Any CPU
		{23AA19EB-5446-4D49-985A-B62BF81EC189}.Debug|Any CPU.Build.0 = Debug|Any CPU
		{23AA19EB-5446-4D49-985A-B62BF81EC189}.Release|Any CPU.ActiveCfg = Release|Any CPU
		{23AA19EB-5446-4D49-985A-B62BF81EC189}.Release|Any CPU.Build.0 = Release|Any CPU
		{7BE037C6-77E1-4D1C-9606-2F4D051F4A1F}.Debug|Any CPU.ActiveCfg = Debug|Any CPU
		{7BE037C6-77E1-4D1C-9606-2F4D051F4A1F}.Debug|Any CPU.Build.0 = Debug|Any CPU
		{7BE037C6-77E1-4D1C-9606-2F4D051F4A1F}.Release|Any CPU.ActiveCfg = Release|Any CPU
		{7BE037C6-77E1-4D1C-9606-2F4D051F4A1F}.Release|Any CPU.Build.0 = Release|Any CPU
	EndGlobalSection
	GlobalSection(SolutionProperties) = preSolution
		HideSolutionNode = FALSE
	EndGlobalSection
	GlobalSection(NestedProjects) = preSolution
		{322D4BE7-436B-48F8-B58C-436F0E7FA65B} = {5F551FA9-339A-463B-837C-E736AADB8B38}
		{634C4CC1-CBCC-4965-86C2-576738B5BF98} = {322D4BE7-436B-48F8-B58C-436F0E7FA65B}
		{14E0153B-49EA-4BF0-96B4-4E4040BD95FD} = {322D4BE7-436B-48F8-B58C-436F0E7FA65B}
		{B1C49CB0-0587-4EEF-8A8F-ED9D420EE85E} = {71A9D2A4-A904-42CA-AE54-CA7D84B09A12}
		{F674B03A-C479-4EBD-AFA3-2EE8B77ACCE7} = {71A9D2A4-A904-42CA-AE54-CA7D84B09A12}
		{AB9A20EA-1FC0-416D-B51D-749A27E820CF} = {B1C49CB0-0587-4EEF-8A8F-ED9D420EE85E}
		{5EC4B1E9-EFCC-4CE4-A36A-5A4A43FC289F} = {F674B03A-C479-4EBD-AFA3-2EE8B77ACCE7}
		{3DF6C4D6-33E0-44EF-AF19-613261024A4B} = {71A9D2A4-A904-42CA-AE54-CA7D84B09A12}
		{76354122-7F30-47FF-88CD-6F4CC0FBEEDE} = {3DF6C4D6-33E0-44EF-AF19-613261024A4B}
		{C610B13D-0D00-4FB0-876C-8D1A07C06A28} = {57A0F57A-9DF8-47EB-A4E1-DFC483BA0B2C}
		{D9AB380A-A439-4271-8CB6-1DE583762390} = {C610B13D-0D00-4FB0-876C-8D1A07C06A28}
		{960A071D-EA22-459C-BB24-B1E10FF947EB} = {57A0F57A-9DF8-47EB-A4E1-DFC483BA0B2C}
		{79C2BA5D-3EDD-4F3E-B1C2-634439FFAB21} = {960A071D-EA22-459C-BB24-B1E10FF947EB}
		{2F7E42AD-673F-4930-BC35-6076FA7C4A6D} = {57A0F57A-9DF8-47EB-A4E1-DFC483BA0B2C}
		{84135659-BA40-4AB2-AE91-424DE051B927} = {2F7E42AD-673F-4930-BC35-6076FA7C4A6D}
		{D8C415B1-57A8-4690-8132-BEADBD154D74} = {5F551FA9-339A-463B-837C-E736AADB8B38}
		{917A2200-5CE2-4A48-8133-58593C9CC217} = {5F551FA9-339A-463B-837C-E736AADB8B38}
		{B2689C17-F65D-481D-9532-16AA41411DE5} = {5F551FA9-339A-463B-837C-E736AADB8B38}
		{A49DBF18-0127-47F1-BF2D-DD3CD490571E} = {D8C415B1-57A8-4690-8132-BEADBD154D74}
		{D479E569-319C-4E1B-A94E-C234D06652A3} = {B2689C17-F65D-481D-9532-16AA41411DE5}
		{0C6E3112-478F-48B8-B911-A9F1DACA0DEB} = {917A2200-5CE2-4A48-8133-58593C9CC217}
		{58DE4F26-6C91-41F7-BC49-53C14EE99A48} = {B2689C17-F65D-481D-9532-16AA41411DE5}
		{25A9C272-B174-4DFA-AA3B-B5B46E4F6459} = {2F7E42AD-673F-4930-BC35-6076FA7C4A6D}
		{4240EB98-8762-4F23-B905-9D209D6E768D} = {960A071D-EA22-459C-BB24-B1E10FF947EB}
		{8BE925AF-CA85-465D-B6A5-282E4189B8D4} = {F674B03A-C479-4EBD-AFA3-2EE8B77ACCE7}
		{994C1DCF-74FB-497A-B42C-AECF3E031604} = {B1C49CB0-0587-4EEF-8A8F-ED9D420EE85E}
		{05629B8B-0879-404E-B775-5844095D9A1F} = {3DF6C4D6-33E0-44EF-AF19-613261024A4B}
		{7D1AB093-7629-489C-85D0-F45847DC7D4E} = {D8C415B1-57A8-4690-8132-BEADBD154D74}
		{F63C48AF-A5D0-48D0-848F-0C5DE4C6E8F8} = {C610B13D-0D00-4FB0-876C-8D1A07C06A28}
		{D0FE4461-5FC4-4039-B88A-F6388F5888E1} = {917A2200-5CE2-4A48-8133-58593C9CC217}
		{160897FD-9130-452D-BAD8-B0AF4F8FBF64} = {5F551FA9-339A-463B-837C-E736AADB8B38}
		{44DC0BB8-4E50-4D70-8F44-3DC5AD9207F5} = {5F551FA9-339A-463B-837C-E736AADB8B38}
		{3CEE0456-C789-44CD-9809-FD56241DED9E} = {160897FD-9130-452D-BAD8-B0AF4F8FBF64}
		{4680B893-CA14-4315-8151-17D9AECFDDE9} = {160897FD-9130-452D-BAD8-B0AF4F8FBF64}
		{C5A78514-E88B-4C25-A3D3-E550024CD318} = {44DC0BB8-4E50-4D70-8F44-3DC5AD9207F5}
		{1CE69360-0A97-4437-AD5E-5C06D1406592} = {44DC0BB8-4E50-4D70-8F44-3DC5AD9207F5}
		{2776638D-4FC6-4BEC-9281-A4980C27136D} = {71A9D2A4-A904-42CA-AE54-CA7D84B09A12}
		{787BD422-D6AC-46E5-B9B8-84502B4469CF} = {2776638D-4FC6-4BEC-9281-A4980C27136D}
		{97DAC97C-B915-4C02-B2A0-4F075D2196B9} = {2776638D-4FC6-4BEC-9281-A4980C27136D}
		{BEBB61E3-047B-42BA-BDEB-721577C37AFE} = {71A9D2A4-A904-42CA-AE54-CA7D84B09A12}
		{8CFFB423-2996-4B16-B0C2-A2EF5D37792A} = {BEBB61E3-047B-42BA-BDEB-721577C37AFE}
		{8402F294-903E-49CB-A70C-C5F4F3AF8051} = {BEBB61E3-047B-42BA-BDEB-721577C37AFE}
		{F67F9716-7431-4BB9-BD13-D8175EA0B36A} = {71A9D2A4-A904-42CA-AE54-CA7D84B09A12}
		{86ABC239-65F0-474B-80D5-9EF7720D19A2} = {F67F9716-7431-4BB9-BD13-D8175EA0B36A}
		{05C32444-BEED-4931-A7A7-6EFDB264ECEE} = {F67F9716-7431-4BB9-BD13-D8175EA0B36A}
		{22C05DF5-CF84-4885-8811-4B9B1A91406F} = {57A0F57A-9DF8-47EB-A4E1-DFC483BA0B2C}
		{A7626590-D34D-446B-920D-823AF093177A} = {22C05DF5-CF84-4885-8811-4B9B1A91406F}
		{C907FDBD-53C6-4CA0-BB6F-98B0630A6971} = {22C05DF5-CF84-4885-8811-4B9B1A91406F}
		{6651C8C7-FB08-40D1-BDC2-F5A69106AED4} = {5F551FA9-339A-463B-837C-E736AADB8B38}
		{67688F21-DAD9-4A74-B53E-8271E5655246} = {6651C8C7-FB08-40D1-BDC2-F5A69106AED4}
		{B6BA1FB8-2681-4AEC-8B8A-139EF57626E7} = {6651C8C7-FB08-40D1-BDC2-F5A69106AED4}
		{18EECF63-BE26-402B-A4F6-A0CE59F93C6E} = {57A0F57A-9DF8-47EB-A4E1-DFC483BA0B2C}
		{5CBD3CD6-E04D-45CA-908D-C32B66325401} = {18EECF63-BE26-402B-A4F6-A0CE59F93C6E}
		{5B1094B1-AD17-4C81-9821-B20A0AC609BE} = {18EECF63-BE26-402B-A4F6-A0CE59F93C6E}
		{9DFAEE16-77C0-4730-A7D0-F6567F22F868} = {71A9D2A4-A904-42CA-AE54-CA7D84B09A12}
		{5BDA097E-919C-4F90-85C7-BE8F5F0825F3} = {9DFAEE16-77C0-4730-A7D0-F6567F22F868}
		{C006FDB0-4AC1-4353-A8CD-B828A1FEB3E7} = {9DFAEE16-77C0-4730-A7D0-F6567F22F868}
		{7039DEC8-4AB4-46CE-B94D-7FBFB38A51D5} = {71A9D2A4-A904-42CA-AE54-CA7D84B09A12}
		{00397A8F-A141-41A1-BD6E-9275D71D3D92} = {7039DEC8-4AB4-46CE-B94D-7FBFB38A51D5}
		{7C586097-8AFA-421E-9637-48374CE002A6} = {7039DEC8-4AB4-46CE-B94D-7FBFB38A51D5}
		{2E63F338-C4B9-4C64-B762-0FC6B8054EF4} = {71A9D2A4-A904-42CA-AE54-CA7D84B09A12}
		{227F4F6F-18E6-42A0-8BE3-11D88D24B78D} = {2E63F338-C4B9-4C64-B762-0FC6B8054EF4}
		{23AA19EB-5446-4D49-985A-B62BF81EC189} = {627FC0C5-43CA-421D-BA7B-77348F648C93}
		{7BE037C6-77E1-4D1C-9606-2F4D051F4A1F} = {627FC0C5-43CA-421D-BA7B-77348F648C93}
		{627FC0C5-43CA-421D-BA7B-77348F648C93} = {71A9D2A4-A904-42CA-AE54-CA7D84B09A12}
	EndGlobalSection
	GlobalSection(ExtensibilityGlobals) = postSolution
		SolutionGuid = {5B0BC7A7-78DD-4BF2-B743-8DB141B34619}
	EndGlobalSection
EndGlobal
